
Microsoft Visual Studio Solution File, Format Version 12.00
# Visual Studio Version 16
VisualStudioVersion = 16.0.30011.22
MinimumVisualStudioVersion = 10.0.40219.1
Project("{FAE04EC0-301F-11D3-BF4B-00C04F79EFBC}") = "ARUXguiDesign", "ARUXguiDesign\ARUXguiDesign.csproj", "{CEC261CF-FE0D-46F5-9104-ADCE199C5A63}"
EndProject
Global
	GlobalSection(SolutionConfigurationPlatforms) = preSolution
		Debug|Any CPU = Debug|Any CPU
		Release|Any CPU = Release|Any CPU
	EndGlobalSection
	GlobalSection(ProjectConfigurationPlatforms) = postSolution
		{CEC261CF-FE0D-46F5-9104-ADCE199C5A63}.Debug|Any CPU.ActiveCfg = Debug|Any CPU
		{CEC261CF-FE0D-46F5-9104-ADCE199C5A63}.Debug|Any CPU.Build.0 = Debug|Any CPU
		{CEC261CF-FE0D-46F5-9104-ADCE199C5A63}.Release|Any CPU.ActiveCfg = Release|Any CPU
		{CEC261CF-FE0D-46F5-9104-ADCE199C5A63}.Release|Any CPU.Build.0 = Release|Any CPU
	EndGlobalSection
	GlobalSection(SolutionProperties) = preSolution
		HideSolutionNode = FALSE
	EndGlobalSection
	GlobalSection(ExtensibilityGlobals) = postSolution
		SolutionGuid = {874A0323-65DC-4E3B-9E7F-9002254511B5}
	EndGlobalSection
EndGlobal
